
Microsoft Visual Studio Solution File, Format Version 12.00
# Visual Studio Version 16
VisualStudioVersion = 16.0.30711.63
MinimumVisualStudioVersion = 10.0.40219.1
Project("{FAE04EC0-301F-11D3-BF4B-00C04F79EFBC}") = "Update_Checker", "Update_Checker.csproj", "{7B6E190B-1911-4FD4-A82A-FF188DFB2C88}"
EndProject
Global
	GlobalSection(SolutionConfigurationPlatforms) = preSolution
		Debug|Any CPU = Debug|Any CPU
		Release|Any CPU = Release|Any CPU
	EndGlobalSection
	GlobalSection(ProjectConfigurationPlatforms) = postSolution
		{7B6E190B-1911-4FD4-A82A-FF188DFB2C88}.Debug|Any CPU.ActiveCfg = Debug|Any CPU
		{7B6E190B-1911-4FD4-A82A-FF188DFB2C88}.Debug|Any CPU.Build.0 = Debug|Any CPU
		{7B6E190B-1911-4FD4-A82A-FF188DFB2C88}.Release|Any CPU.ActiveCfg = Release|Any CPU
		{7B6E190B-1911-4FD4-A82A-FF188DFB2C88}.Release|Any CPU.Build.0 = Release|Any CPU
	EndGlobalSection
	GlobalSection(SolutionProperties) = preSolution
		HideSolutionNode = FALSE
	EndGlobalSection
	GlobalSection(ExtensibilityGlobals) = postSolution
		SolutionGuid = {09CC98C1-1AD7-47BE-8779-970CA4F0DD58}
	EndGlobalSection
EndGlobal
